
Microsoft Visual Studio Solution File, Format Version 12.00
# Visual Studio Version 16
VisualStudioVersion = 16.0.32510.428
MinimumVisualStudioVersion = 10.0.40219.1
Project("{FAE04EC0-301F-11D3-BF4B-00C04F79EFBC}") = "advofcode02", "advofcode02\advofcode02.csproj", "{6A212FFF-ED25-4912-9972-FAB2F72218A4}"
EndProject
Global
	GlobalSection(SolutionConfigurationPlatforms) = preSolution
		Debug|Any CPU = Debug|Any CPU
		Release|Any CPU = Release|Any CPU
	EndGlobalSection
	GlobalSection(ProjectConfigurationPlatforms) = postSolution
		{6A212FFF-ED25-4912-9972-FAB2F72218A4}.Debug|Any CPU.ActiveCfg = Debug|Any CPU
		{6A212FFF-ED25-4912-9972-FAB2F72218A4}.Debug|Any CPU.Build.0 = Debug|Any CPU
		{6A212FFF-ED25-4912-9972-FAB2F72218A4}.Release|Any CPU.ActiveCfg = Release|Any CPU
		{6A212FFF-ED25-4912-9972-FAB2F72218A4}.Release|Any CPU.Build.0 = Release|Any CPU
	EndGlobalSection
	GlobalSection(SolutionProperties) = preSolution
		HideSolutionNode = FALSE
	EndGlobalSection
	GlobalSection(ExtensibilityGlobals) = postSolution
		SolutionGuid = {2E4A5D2B-BFC1-44BE-A045-E36709546589}
	EndGlobalSection
EndGlobal
